{
  "nodes": {
    "nixpkgs": {
      "locked": {
        "lastModified": 1702759837,
        "narHash": "sha256-u3XeJVRe/Q975nwFE+6ALEwypMKJEELMJKDAhSKyq3M=",
        "owner": "nixos",
        "repo": "nixpkgs",
        "rev": "b2566f4f897ac6224e094b167d9488d03e157f28",
        "type": "github"
      },
      "original": {
        "owner": "nixos",
        "ref": "nixos-23.05",
        "repo": "nixpkgs",
        "type": "github"
      }
    },
    "root": {
      "inputs": {
        "nixpkgs": "nixpkgs",
        "unstable": "unstable"
      }
    },
    "unstable": {
      "locked": {
        "lastModified": 1702312524,
        "narHash": "sha256-gkZJRDBUCpTPBvQk25G0B7vfbpEYM5s5OZqghkjZsnE=",
        "owner": "nixos",
        "repo": "nixpkgs",
        "rev": "a9bf124c46ef298113270b1f84a164865987a91c",
        "type": "github"
      },
      "original": {
        "owner": "nixos",
        "ref": "nixos-unstable",
        "repo": "nixpkgs",
        "type": "github"
      }
    }
  },
  "root": "root",
  "version": 7
}
